// !$*UTF8*$!
{
	archiveVersion = 1;
	classes = {
	};
	objectVersion = 46;
	objects = {

/* Begin PBXBuildFile section */
		049FEC101B692181004F5A7F /* main.m in Sources */ = {isa = PBXBuildFile; fileRef = 049FEC0F1B692181004F5A7F /* main.m */; };
		049FEC131B692181004F5A7F /* AppDelegate.m in Sources */ = {isa = PBXBuildFile; fileRef = 049FEC121B692181004F5A7F /* AppDelegate.m */; };
		049FEC161B692181004F5A7F /* ViewController.m in Sources */ = {isa = PBXBuildFile; fileRef = 049FEC151B692181004F5A7F /* ViewController.m */; };
		049FEC191B692181004F5A7F /* Main.storyboard in Resources */ = {isa = PBXBuildFile; fileRef = 049FEC171B692181004F5A7F /* Main.storyboard */; };
		049FEC1B1B692181004F5A7F /* Images.xcassets in Resources */ = {isa = PBXBuildFile; fileRef = 049FEC1A1B692181004F5A7F /* Images.xcassets */; };
		049FEC1E1B692181004F5A7F /* LaunchScreen.xib in Resources */ = {isa = PBXBuildFile; fileRef = 049FEC1C1B692181004F5A7F /* LaunchScreen.xib */; };
		049FEC2A1B692181004F5A7F /* MarioInCityTests.m in Sources */ = {isa = PBXBuildFile; fileRef = 049FEC291B692181004F5A7F /* MarioInCityTests.m */; };
/* End PBXBuildFile section */

/* Begin PBXContainerItemProxy section */
		049FEC241B692181004F5A7F /* PBXContainerItemProxy */ = {
			isa = PBXContainerItemProxy;
			containerPortal = 049FEC021B692181004F5A7F /* Project object */;
			proxyType = 1;
			remoteGlobalIDString = 049FEC091B692181004F5A7F;
			remoteInfo = MarioInCity;
		};
/* End PBXContainerItemProxy section */

/* Begin PBXFileReference section */
		049FEC0A1B692181004F5A7F /* MarioInCity.app */ = {isa = PBXFileReference; explicitFileType = wrapper.application; includeInIndex = 0; path = MarioInCity.app; sourceTree = BUILT_PRODUCTS_DIR; };
		049FEC0E1B692181004F5A7F /* Info.plist */ = {isa = PBXFileReference; lastKnownFileType = text.plist.xml; path = Info.plist; sourceTree = "<group>"; };
		049FEC0F1B692181004F5A7F /* main.m */ = {isa = PBXFileReference; lastKnownFileType = sourcecode.c.objc; path = main.m; sourceTree = "<group>"; };
		049FEC111B692181004F5A7F /* AppDelegate.h */ = {isa = PBXFileReference; lastKnownFileType = sourcecode.c.h; path = AppDelegate.h; sourceTree = "<group>"; };
		049FEC121B692181004F5A7F /* AppDelegate.m */ = {isa = PBXFileReference; lastKnownFileType = sourcecode.c.objc; path = AppDelegate.m; sourceTree = "<group>"; };
		049FEC141B692181004F5A7F /* ViewController.h */ = {isa = PBXFileReference; lastKnownFileType = sourcecode.c.h; path = ViewController.h; sourceTree = "<group>"; };
		049FEC151B692181004F5A7F /* ViewController.m */ = {isa = PBXFileReference; lastKnownFileType = sourcecode.c.objc; path = ViewController.m; sourceTree = "<group>"; };
		049FEC181B692181004F5A7F /* Base */ = {isa = PBXFileReference; lastKnownFileType = file.storyboard; name = Base; path = Base.lproj/Main.storyboard; sourceTree = "<group>"; };
		049FEC1A1B692181004F5A7F /* Images.xcassets */ = {isa = PBXFileReference; lastKnownFileType = folder.assetcatalog; path = Images.xcassets; sourceTree = "<group>"; };
		049FEC1D1B692181004F5A7F /* Base */ = {isa = PBXFileReference; lastKnownFileType = file.xib; name = Base; path = Base.lproj/LaunchScreen.xib; sourceTree = "<group>"; };
		049FEC231B692181004F5A7F /* MarioInCityTests.xctest */ = {isa = PBXFileReference; explicitFileType = wrapper.cfbundle; includeInIndex = 0; path = MarioInCityTests.xctest; sourceTree = BUILT_PRODUCTS_DIR; };
		049FEC281B692181004F5A7F /* Info.plist */ = {isa = PBXFileReference; lastKnownFileType = text.plist.xml; path = Info.plist; sourceTree = "<group>"; };
		049FEC291B692181004F5A7F /* MarioInCityTests.m */ = {isa = PBXFileReference; lastKnownFileType = sourcecode.c.objc; path = MarioInCityTests.m; sourceTree = "<group>"; };
/* End PBXFileReference section */

/* Begin PBXFrameworksBuildPhase section */
		049FEC071B692181004F5A7F /* Frameworks */ = {
			isa = PBXFrameworksBuildPhase;
			buildActionMask = 2147483647;
			files = (
			);
			runOnlyForDeploymentPostprocessing = 0;
		};
		049FEC201B692181004F5A7F /* Frameworks */ = {
			isa = PBXFrameworksBuildPhase;
			buildActionMask = 2147483647;
			files = (
			);
			runOnlyForDeploymentPostprocessing = 0;
		};
/* End PBXFrameworksBuildPhase section */

/* Begin PBXGroup section */
		049FEC011B692181004F5A7F = {
			isa = PBXGroup;
			children = (
				049FEC0C1B692181004F5A7F /* MarioInCity */,
				049FEC261B692181004F5A7F /* MarioInCityTests */,
				049FEC0B1B692181004F5A7F /* Products */,
			);
			sourceTree = "<group>";
		};
		049FEC0B1B692181004F5A7F /* Products */ = {
			isa = PBXGroup;
			children = (
				049FEC0A1B692181004F5A7F /* MarioInCity.app */,
				049FEC231B692181004F5A7F /* MarioInCityTests.xctest */,
			);
			name = Products;
			sourceTree = "<group>";
		};
		049FEC0C1B692181004F5A7F /* MarioInCity */ = {
			isa = PBXGroup;
			children = (
				049FEC111B692181004F5A7F /* AppDelegate.h */,
				049FEC121B692181004F5A7F /* AppDelegate.m */,
				049FEC141B692181004F5A7F /* ViewController.h */,
				049FEC151B692181004F5A7F /* ViewController.m */,
				049FEC171B692181004F5A7F /* Main.storyboard */,
				049FEC1A1B692181004F5A7F /* Images.xcassets */,
				049FEC1C1B692181004F5A7F /* LaunchScreen.xib */,
				049FEC0D1B692181004F5A7F /* Supporting Files */,
			);
			path = MarioInCity;
			sourceTree = "<group>";
		};
		049FEC0D1B692181004F5A7F /* Supporting Files */ = {
			isa = PBXGroup;
			children = (
				049FEC0E1B692181004F5A7F /* Info.plist */,
				049FEC0F1B692181004F5A7F /* main.m */,
			);
			name = "Supporting Files";
			sourceTree = "<group>";
		};
		049FEC261B692181004F5A7F /* MarioInCityTests */ = {
			isa = PBXGroup;
			children = (
				049FEC291B692181004F5A7F /* MarioInCityTests.m */,
				049FEC271B692181004F5A7F /* Supporting Files */,
			);
			path = MarioInCityTests;
			sourceTree = "<group>";
		};
		049FEC271B692181004F5A7F /* Supporting Files */ = {
			isa = PBXGroup;
			children = (
				049FEC281B692181004F5A7F /* Info.plist */,
			);
			name = "Supporting Files";
			sourceTree = "<group>";
		};
/* End PBXGroup section */

/* Begin PBXNativeTarget section */
		049FEC091B692181004F5A7F /* MarioInCity */ = {
			isa = PBXNativeTarget;
			buildConfigurationList = 049FEC2D1B692181004F5A7F /* Build configuration list for PBXNativeTarget "MarioInCity" */;
			buildPhases = (
				049FEC061B692181004F5A7F /* Sources */,
				049FEC071B692181004F5A7F /* Frameworks */,
				049FEC081B692181004F5A7F /* Resources */,
			);
			buildRules = (
			);
			dependencies = (
			);
			name = MarioInCity;
			productName = MarioInCity;
			productReference = 049FEC0A1B692181004F5A7F /* MarioInCity.app */;
			productType = "com.apple.product-type.application";
		};
		049FEC221B692181004F5A7F /* MarioInCityTests */ = {
			isa = PBXNativeTarget;
			buildConfigurationList = 049FEC301B692181004F5A7F /* Build configuration list for PBXNativeTarget "MarioInCityTests" */;
			buildPhases = (
				049FEC1F1B692181004F5A7F /* Sources */,
				049FEC201B692181004F5A7F /* Frameworks */,
				049FEC211B692181004F5A7F /* Resources */,
			);
			buildRules = (
			);
			dependencies = (
				049FEC251B692181004F5A7F /* PBXTargetDependency */,
			);
			name = MarioInCityTests;
			productName = MarioInCityTests;
			productReference = 049FEC231B692181004F5A7F /* MarioInCityTests.xctest */;
			productType = "com.apple.product-type.bundle.unit-test";
		};
/* End PBXNativeTarget section */

/* Begin PBXProject section */
		049FEC021B692181004F5A7F /* Project object */ = {
			isa = PBXProject;
			attributes = {
				LastUpgradeCheck = 0630;
				ORGANIZATIONNAME = mac;
				TargetAttributes = {
					049FEC091B692181004F5A7F = {
						CreatedOnToolsVersion = 6.3.2;
					};
					049FEC221B692181004F5A7F = {
						CreatedOnToolsVersion = 6.3.2;
						TestTargetID = 049FEC091B692181004F5A7F;
					};
				};
			};
			buildConfigurationList = 049FEC051B692181004F5A7F /* Build configuration list for PBXProject "MarioInCity" */;
			compatibilityVersion = "Xcode 3.2";
			developmentRegion = English;
			hasScannedForEncodings = 0;
			knownRegions = (
				en,
				Base,
			);
			mainGroup = 049FEC011B692181004F5A7F;
			productRefGroup = 049FEC0B1B692181004F5A7F /* Products */;
			projectDirPath = "";
			projectRoot = "";
			targets = (
				049FEC091B692181004F5A7F /* MarioInCity */,
				049FEC221B692181004F5A7F /* MarioInCityTests */,
			);
		};
/* End PBXProject section */

/* Begin PBXResourcesBuildPhase section */
		049FEC081B692181004F5A7F /* Resources */ = {
			isa = PBXResourcesBuildPhase;
			buildActionMask = 2147483647;
			files = (
				049FEC191B692181004F5A7F /* Main.storyboard in Resources */,
				049FEC1E1B692181004F5A7F /* LaunchScreen.xib in Resources */,
				049FEC1B1B692181004F5A7F /* Images.xcassets in Resources */,
			);
			runOnlyForDeploymentPostprocessing = 0;
		};
		049FEC211B692181004F5A7F /* Resources */ = {
			isa = PBXResourcesBuildPhase;
			buildActionMask = 2147483647;
			files = (
			);
			runOnlyForDeploymentPostprocessing = 0;
		};
/* End PBXResourcesBuildPhase section */

/* Begin PBXSourcesBuildPhase section */
		049FEC061B692181004F5A7F /* Sources */ = {
			isa = PBXSourcesBuildPhase;
			buildActionMask = 2147483647;
			files = (
				049FEC161B692181004F5A7F /* ViewController.m in Sources */,
				049FEC131B692181004F5A7F /* AppDelegate.m in Sources */,
				049FEC101B692181004F5A7F /* main.m in Sources */,
			);
			runOnlyForDeploymentPostprocessing = 0;
		};
		049FEC1F1B692181004F5A7F /* Sources */ = {
			isa = PBXSourcesBuildPhase;
			buildActionMask = 2147483647;
			files = (
				049FEC2A1B692181004F5A7F /* MarioInCityTests.m in Sources */,
			);
			runOnlyForDeploymentPostprocessing = 0;
		};
/* End PBXSourcesBuildPhase section */

/* Begin PBXTargetDependency section */
		049FEC251B692181004F5A7F /* PBXTargetDependency */ = {
			isa = PBXTargetDependency;
			target = 049FEC091B692181004F5A7F /* MarioInCity */;
			targetProxy = 049FEC241B692181004F5A7F /* PBXContainerItemProxy */;
		};
/* End PBXTargetDependency section */

/* Begin PBXVariantGroup section */
		049FEC171B692181004F5A7F /* Main.storyboard */ = {
			isa = PBXVariantGroup;
			children = (
				049FEC181B692181004F5A7F /* Base */,
			);
			name = Main.storyboard;
			sourceTree = "<group>";
		};
		049FEC1C1B692181004F5A7F /* LaunchScreen.xib */ = {
			isa = PBXVariantGroup;
			children = (
				049FEC1D1B692181004F5A7F /* Base */,
			);
			name = LaunchScreen.xib;
			sourceTree = "<group>";
		};
/* End PBXVariantGroup section */

/* Begin XCBuildConfiguration section */
		049FEC2B1B692181004F5A7F /* Debug */ = {
			isa = XCBuildConfiguration;
			buildSettings = {
				ALWAYS_SEARCH_USER_PATHS = NO;
				CLANG_CXX_LANGUAGE_STANDARD = "gnu++0x";
				CLANG_CXX_LIBRARY = "libc++";
				CLANG_ENABLE_MODULES = YES;
				CLANG_ENABLE_OBJC_ARC = YES;
				CLANG_WARN_BOOL_CONVERSION = YES;
				CLANG_WARN_CONSTANT_CONVERSION = YES;
				CLANG_WARN_DIRECT_OBJC_ISA_USAGE = YES_ERROR;
				CLANG_WARN_EMPTY_BODY = YES;
				CLANG_WARN_ENUM_CONVERSION = YES;
				CLANG_WARN_INT_CONVERSION = YES;
				CLANG_WARN_OBJC_ROOT_CLASS = YES_ERROR;
				CLANG_WARN_UNREACHABLE_CODE = YES;
				CLANG_WARN__DUPLICATE_METHOD_MATCH = YES;
				"CODE_SIGN_IDENTITY[sdk=iphoneos*]" = "iPhone Developer";
				COPY_PHASE_STRIP = NO;
				DEBUG_INFORMATION_FORMAT = "dwarf-with-dsym";
				ENABLE_STRICT_OBJC_MSGSEND = YES;
				GCC_C_LANGUAGE_STANDARD = gnu99;
				GCC_DYNAMIC_NO_PIC = NO;
				GCC_NO_COMMON_BLOCKS = YES;
				GCC_OPTIMIZATION_LEVEL = 0;
				GCC_PREPROCESSOR_DEFINITIONS = (
					"DEBUG=1",
					"$(inherited)",
				);
				GCC_SYMBOLS_PRIVATE_EXTERN = NO;
				GCC_WARN_64_TO_32_BIT_CONVERSION = YES;
				GCC_WARN_ABOUT_RETURN_TYPE = YES_ERROR;
				GCC_WARN_UNDECLARED_SELECTOR = YES;
				GCC_WARN_UNINITIALIZED_AUTOS = YES_AGGRESSIVE;
				GCC_WARN_UNUSED_FUNCTION = YES;
				GCC_WARN_UNUSED_VARIABLE = YES;
				IPHONEOS_DEPLOYMENT_TARGET = 8.3;
				MTL_ENABLE_DEBUG_INFO = YES;
				ONLY_ACTIVE_ARCH = YES;
				SDKROOT = iphoneos;
				TARGETED_DEVICE_FAMILY = "1,2";
			};
			name = Debug;
		};
		049FEC2C1B692181004F5A7F /* Release */ = {
			isa = XCBuildConfiguration;
			buildSettings = {
				ALWAYS_SEARCH_USER_PATHS = NO;
				CLANG_CXX_LANGUAGE_STANDARD = "gnu++0x";
				CLANG_CXX_LIBRARY = "libc++";
				CLANG_ENABLE_MODULES = YES;
				CLANG_ENABLE_OBJC_ARC = YES;
				CLANG_WARN_BOOL_CONVERSION = YES;
				CLANG_WARN_CONSTANT_CONVERSION = YES;
				CLANG_WARN_DIRECT_OBJC_ISA_USAGE = YES_ERROR;
				CLANG_WARN_EMPTY_BODY = YES;
				CLANG_WARN_ENUM_CONVERSION = YES;
				CLANG_WARN_INT_CONVERSION = YES;
				CLANG_WARN_OBJC_ROOT_CLASS = YES_ERROR;
				CLANG_WARN_UNREACHABLE_CODE = YES;
				CLANG_WARN__DUPLICATE_METHOD_MATCH = YES;
				"CODE_SIGN_IDENTITY[sdk=iphoneos*]" = "iPhone Developer";
				COPY_PHASE_STRIP = NO;
				DEBUG_INFORMATION_FORMAT = "dwarf-with-dsym";
				ENABLE_NS_ASSERTIONS = NO;
				ENABLE_STRICT_OBJC_MSGSEND = YES;
				GCC_C_LANGUAGE_STANDARD = gnu99;
				GCC_NO_COMMON_BLOCKS = YES;
				GCC_WARN_64_TO_32_BIT_CONVERSION = YES;
				GCC_WARN_ABOUT_RETURN_TYPE = YES_ERROR;
				GCC_WARN_UNDECLARED_SELECTOR = YES;
				GCC_WARN_UNINITIALIZED_AUTOS = YES_AGGRESSIVE;
				GCC_WARN_UNUSED_FUNCTION = YES;
				GCC_WARN_UNUSED_VARIABLE = YES;
				IPHONEOS_DEPLOYMENT_TARGET = 8.3;
				MTL_ENABLE_DEBUG_INFO = NO;
				SDKROOT = iphoneos;
				TARGETED_DEVICE_FAMILY = "1,2";
				VALIDATE_PRODUCT = YES;
			};
			name = Release;
		};
		049FEC2E1B692181004F5A7F /* Debug */ = {
			isa = XCBuildConfiguration;
			buildSettings = {
				ASSETCATALOG_COMPILER_APPICON_NAME = AppIcon;
				INFOPLIST_FILE = MarioInCity/Info.plist;
				LD_RUNPATH_SEARCH_PATHS = "$(inherited) @executable_path/Frameworks";
				PRODUCT_NAME = "$(TARGET_NAME)";
			};
			name = Debug;
		};
		049FEC2F1B692181004F5A7F /* Release */ = {
			isa = XCBuildConfiguration;
			buildSettings = {
				ASSETCATALOG_COMPILER_APPICON_NAME = AppIcon;
				INFOPLIST_FILE = MarioInCity/Info.plist;
				LD_RUNPATH_SEARCH_PATHS = "$(inherited) @executable_path/Frameworks";
				PRODUCT_NAME = "$(TARGET_NAME)";
			};
			name = Release;
		};
		049FEC311B692181004F5A7F /* Debug */ = {
			isa = XCBuildConfiguration;
			buildSettings = {
				BUNDLE_LOADER = "$(TEST_HOST)";
				FRAMEWORK_SEARCH_PATHS = (
					"$(SDKROOT)/Developer/Library/Frameworks",
					"$(inherited)",
				);
				GCC_PREPROCESSOR_DEFINITIONS = (
					"DEBUG=1",
					"$(inherited)",
				);
				INFOPLIST_FILE = MarioInCityTests/Info.plist;
				LD_RUNPATH_SEARCH_PATHS = "$(inherited) @executable_path/Frameworks @loader_path/Frameworks";
				PRODUCT_NAME = "$(TARGET_NAME)";
				TEST_HOST = "$(BUILT_PRODUCTS_DIR)/MarioInCity.app/MarioInCity";
			};
			name = Debug;
		};
		049FEC321B692181004F5A7F /* Release */ = {
			isa = XCBuildConfiguration;
			buildSettings = {
				BUNDLE_LOADER = "$(TEST_HOST)";
				FRAMEWORK_SEARCH_PATHS = (
					"$(SDKROOT)/Developer/Library/Frameworks",
					"$(inherited)",
				);
				INFOPLIST_FILE = MarioInCityTests/Info.plist;
				LD_RUNPATH_SEARCH_PATHS = "$(inherited) @executable_path/Frameworks @loader_path/Frameworks";
				PRODUCT_NAME = "$(TARGET_NAME)";
				TEST_HOST = "$(BUILT_PRODUCTS_DIR)/MarioInCity.app/MarioInCity";
			};
			name = Release;
		};
/* End XCBuildConfiguration section */

/* Begin XCConfigurationList section */
		049FEC051B692181004F5A7F /* Build configuration list for PBXProject "MarioInCity" */ = {
			isa = XCConfigurationList;
			buildConfigurations = (
				049FEC2B1B692181004F5A7F /* Debug */,
				049FEC2C1B692181004F5A7F /* Release */,
			);
			defaultConfigurationIsVisible = 0;
			defaultConfigurationName = Release;
		};
		049FEC2D1B692181004F5A7F /* Build configuration list for PBXNativeTarget "MarioInCity" */ = {
			isa = XCConfigurationList;
			buildConfigurations = (
				049FEC2E1B692181004F5A7F /* Debug */,
				049FEC2F1B692181004F5A7F /* Release */,
			);
			defaultConfigurationIsVisible = 0;
		};
		049FEC301B692181004F5A7F /* Build configuration list for PBXNativeTarget "MarioInCityTests" */ = {
			isa = XCConfigurationList;
			buildConfigurations = (
				049FEC311B692181004F5A7F /* Debug */,
				049FEC321B692181004F5A7F /* Release */,
			);
			defaultConfigurationIsVisible = 0;
		};
/* End XCConfigurationList section */
	};
	rootObject = 049FEC021B692181004F5A7F /* Project object */;
}
